Microsoft Visual Studio Solution File, Format Version 10.00
# Visual Studio 2008
Project("{FAE04EC0-301F-11D3-BF4B-00C04F79EFBC}") = "EntitiesLookupWithEditing", "EntitiesLookupWithEditing\EntitiesLookupWithEditing.csproj", "{FC94A2E7-FD38-40FF-A96A-EE971CACC460}"
EndProject
Global
	GlobalSection(SolutionConfigurationPlatforms) = preSolution
		Debug|Any CPU = Debug|Any CPU
		Release|Any CPU = Release|Any CPU
	EndGlobalSection
	GlobalSection(ProjectConfigurationPlatforms) = postSolution
		{FC94A2E7-FD38-40FF-A96A-EE971CACC460}.Debug|Any CPU.ActiveCfg = Debug|Any CPU
		{FC94A2E7-FD38-40FF-A96A-EE971CACC460}.Debug|Any CPU.Build.0 = Debug|Any CPU
		{FC94A2E7-FD38-40FF-A96A-EE971CACC460}.Release|Any CPU.ActiveCfg = Release|Any CPU
		{FC94A2E7-FD38-40FF-A96A-EE971CACC460}.Release|Any CPU.Build.0 = Release|Any CPU
	EndGlobalSection
	GlobalSection(SolutionProperties) = preSolution
		HideSolutionNode = FALSE
	EndGlobalSection
EndGlobal
